
Microsoft Visual Studio Solution File, Format Version 12.00
# Visual Studio Version 17
VisualStudioVersion = 17.1.32328.378
MinimumVisualStudioVersion = 10.0.40219.1
Project("{FAE04EC0-301F-11D3-BF4B-00C04F79EFBC}") = "Win10Pro-Activator", "Win10Pro-Activator\Win10Pro-Activator.csproj", "{2670CF59-B3DC-46A8-A5CE-BDA0AE5AD42C}"
EndProject
Global
	GlobalSection(SolutionConfigurationPlatforms) = preSolution
		Debug|Any CPU = Debug|Any CPU
		Release|Any CPU = Release|Any CPU
	EndGlobalSection
	GlobalSection(ProjectConfigurationPlatforms) = postSolution
		{2670CF59-B3DC-46A8-A5CE-BDA0AE5AD42C}.Debug|Any CPU.ActiveCfg = Debug|Any CPU
		{2670CF59-B3DC-46A8-A5CE-BDA0AE5AD42C}.Debug|Any CPU.Build.0 = Debug|Any CPU
		{2670CF59-B3DC-46A8-A5CE-BDA0AE5AD42C}.Release|Any CPU.ActiveCfg = Release|Any CPU
		{2670CF59-B3DC-46A8-A5CE-BDA0AE5AD42C}.Release|Any CPU.Build.0 = Release|Any CPU
	EndGlobalSection
	GlobalSection(SolutionProperties) = preSolution
		HideSolutionNode = FALSE
	EndGlobalSection
	GlobalSection(ExtensibilityGlobals) = postSolution
		SolutionGuid = {C84A3964-51B2-4072-9EED-9B543067BCE9}
	EndGlobalSection
EndGlobal
